{
    "version": 3,
    "terraform_version": "0.11.2",
    "serial": 22,
    "lineage": "37cb008b-874a-4692-a554-5a4a909f632f",
    "modules": [
        {
            "path": [
                "root"
            ],
            "outputs": {},
            "resources": {
                "aws_elb.web": {
                    "type": "aws_elb",
                    "depends_on": [
                        "aws_instance.bastion-1d",
                        "aws_security_group.elb",
                        "data.terraform_remote_state.vpc"
                    ],
                    "primary": {
                        "id": "example-elb",
                        "attributes": {
                            "access_logs.#": "0",
                            "arn": "arn:aws:elasticloadbalancing:us-east-1:294074132694:loadbalancer/example-elb",
                            "availability_zones.#": "1",
                            "availability_zones.2762590996": "us-east-1d",
                            "connection_draining": "true",
                            "connection_draining_timeout": "400",
                            "cross_zone_load_balancing": "true",
                            "dns_name": "example-elb-1581383993.us-east-1.elb.amazonaws.com",
                            "health_check.#": "1",
                            "health_check.0.healthy_threshold": "2",
                            "health_check.0.interval": "30",
                            "health_check.0.target": "HTTP:80/",
                            "health_check.0.timeout": "3",
                            "health_check.0.unhealthy_threshold": "2",
                            "id": "example-elb",
                            "idle_timeout": "400",
                            "instances.#": "1",
                            "instances.948379087": "i-064b975b37133c9dc",
                            "internal": "false",
                            "listener.#": "1",
                            "listener.3057123346.instance_port": "80",
                            "listener.3057123346.instance_protocol": "http",
                            "listener.3057123346.lb_port": "80",
                            "listener.3057123346.lb_protocol": "http",
                            "listener.3057123346.ssl_certificate_id": "",
                            "name": "example-elb",
                            "security_groups.#": "1",
                            "security_groups.456520092": "sg-74daa202",
                            "source_security_group": "294074132694/elb_sg",
                            "source_security_group_id": "sg-74daa202",
                            "subnets.#": "1",
                            "subnets.686465416": "subnet-cc062d91",
                            "tags.%": "0",
                            "zone_id": "Z35SXDOTRQ7X7K"
                        },
                        "meta": {},
                        "tainted": false
                    },
                    "deposed": [],
                    "provider": "provider.aws"
                },
                "aws_instance.bastion-1d": {
                    "type": "aws_instance",
                    "depends_on": [
                        "aws_security_group.web",
                        "data.terraform_remote_state.vpc"
                    ],
                    "primary": {
                        "id": "i-011a5e39ae7df7fb4",
                        "attributes": {
                            "ami": "ami-1853ac65",
                            "associate_public_ip_address": "true",
                            "availability_zone": "us-east-1d",
                            "disable_api_termination": "false",
                            "ebs_block_device.#": "0",
                            "ebs_optimized": "false",
                            "ephemeral_block_device.#": "0",
                            "iam_instance_profile": "",
                            "id": "i-011a5e39ae7df7fb4",
                            "instance_state": "running",
                            "instance_type": "t2.micro",
                            "ipv6_addresses.#": "0",
                            "key_name": "mykey",
                            "monitoring": "false",
                            "network_interface.#": "0",
                            "network_interface_id": "eni-9f4e2c80",
                            "placement_group": "",
                            "primary_network_interface_id": "eni-9f4e2c80",
                            "private_dns": "ip-10-0-2-25.ec2.internal",
                            "private_ip": "10.0.2.25",
                            "public_dns": "ec2-54-165-231-106.compute-1.amazonaws.com",
                            "public_ip": "54.165.231.106",
                            "root_block_device.#": "1",
                            "root_block_device.0.delete_on_termination": "true",
                            "root_block_device.0.iops": "100",
                            "root_block_device.0.volume_id": "vol-0303e9d04b6a9dda3",
                            "root_block_device.0.volume_size": "8",
                            "root_block_device.0.volume_type": "gp2",
                            "security_groups.#": "0",
                            "source_dest_check": "true",
                            "subnet_id": "subnet-cc062d91",
                            "tags.%": "1",
                            "tags.Name": "demo v1",
                            "tenancy": "default",
                            "volume_tags.%": "0",
                            "vpc_security_group_ids.#": "1",
                            "vpc_security_group_ids.988720485": "sg-c2dea6b4"
                        },
                        "meta": {
                            "e2bfb730-ecaa-11e6-8f88-34363bc7c4c0": {
                                "create": 600000000000,
                                "delete": 1200000000000,
                                "update": 600000000000
                            },
                            "schema_version": "1"
                        },
                        "tainted": true
                    },
                    "deposed": [],
                    "provider": "provider.aws"
                },
                "aws_lb_cookie_stickiness_policy.default": {
                    "type": "aws_lb_cookie_stickiness_policy",
                    "depends_on": [
                        "aws_elb.web"
                    ],
                    "primary": {
                        "id": "example-elb:80:lbpolicy",
                        "attributes": {
                            "cookie_expiration_period": "600",
                            "id": "example-elb:80:lbpolicy",
                            "lb_port": "80",
                            "load_balancer": "example-elb",
                            "name": "lbpolicy"
                        },
                        "meta": {},
                        "tainted": false
                    },
                    "deposed": [],
                    "provider": "provider.aws"
                },
                "aws_security_group.elb": {
                    "type": "aws_security_group",
                    "depends_on": [
                        "data.terraform_remote_state.vpc"
                    ],
                    "primary": {
                        "id": "sg-74daa202",
                        "attributes": {
                            "description": "Used in the terraform",
                            "egress.#": "1",
                            "egress.482069346.cidr_blocks.#": "1",
                            "egress.482069346.cidr_blocks.0": "0.0.0.0/0",
                            "egress.482069346.description": "",
                            "egress.482069346.from_port": "0",
                            "egress.482069346.ipv6_cidr_blocks.#": "0",
                            "egress.482069346.prefix_list_ids.#": "0",
                            "egress.482069346.protocol": "-1",
                            "egress.482069346.security_groups.#": "0",
                            "egress.482069346.self": "false",
                            "egress.482069346.to_port": "0",
                            "id": "sg-74daa202",
                            "ingress.#": "1",
                            "ingress.2214680975.cidr_blocks.#": "1",
                            "ingress.2214680975.cidr_blocks.0": "0.0.0.0/0",
                            "ingress.2214680975.description": "",
                            "ingress.2214680975.from_port": "80",
                            "ingress.2214680975.ipv6_cidr_blocks.#": "0",
                            "ingress.2214680975.protocol": "tcp",
                            "ingress.2214680975.security_groups.#": "0",
                            "ingress.2214680975.self": "false",
                            "ingress.2214680975.to_port": "80",
                            "name": "elb_sg",
                            "owner_id": "294074132694",
                            "revoke_rules_on_delete": "false",
                            "tags.%": "0",
                            "vpc_id": "vpc-74ff450f"
                        },
                        "meta": {
                            "e2bfb730-ecaa-11e6-8f88-34363bc7c4c0": {
                                "create": 600000000000,
                                "delete": 600000000000
                            },
                            "schema_version": "1"
                        },
                        "tainted": false
                    },
                    "deposed": [],
                    "provider": "provider.aws"
                },
                "aws_security_group.web": {
                    "type": "aws_security_group",
                    "depends_on": [
                        "data.terraform_remote_state.vpc"
                    ],
                    "primary": {
                        "id": "sg-c2dea6b4",
                        "attributes": {
                            "description": "Security group for web that allows web traffic from internet",
                            "egress.#": "1",
                            "egress.482069346.cidr_blocks.#": "1",
                            "egress.482069346.cidr_blocks.0": "0.0.0.0/0",
                            "egress.482069346.description": "",
                            "egress.482069346.from_port": "0",
                            "egress.482069346.ipv6_cidr_blocks.#": "0",
                            "egress.482069346.prefix_list_ids.#": "0",
                            "egress.482069346.protocol": "-1",
                            "egress.482069346.security_groups.#": "0",
                            "egress.482069346.self": "false",
                            "egress.482069346.to_port": "0",
                            "id": "sg-c2dea6b4",
                            "ingress.#": "3",
                            "ingress.2214680975.cidr_blocks.#": "1",
                            "ingress.2214680975.cidr_blocks.0": "0.0.0.0/0",
                            "ingress.2214680975.description": "",
                            "ingress.2214680975.from_port": "80",
                            "ingress.2214680975.ipv6_cidr_blocks.#": "0",
                            "ingress.2214680975.protocol": "tcp",
                            "ingress.2214680975.security_groups.#": "0",
                            "ingress.2214680975.self": "false",
                            "ingress.2214680975.to_port": "80",
                            "ingress.2541437006.cidr_blocks.#": "1",
                            "ingress.2541437006.cidr_blocks.0": "0.0.0.0/0",
                            "ingress.2541437006.description": "",
                            "ingress.2541437006.from_port": "22",
                            "ingress.2541437006.ipv6_cidr_blocks.#": "0",
                            "ingress.2541437006.protocol": "tcp",
                            "ingress.2541437006.security_groups.#": "0",
                            "ingress.2541437006.self": "false",
                            "ingress.2541437006.to_port": "22",
                            "ingress.2617001939.cidr_blocks.#": "1",
                            "ingress.2617001939.cidr_blocks.0": "0.0.0.0/0",
                            "ingress.2617001939.description": "",
                            "ingress.2617001939.from_port": "443",
                            "ingress.2617001939.ipv6_cidr_blocks.#": "0",
                            "ingress.2617001939.protocol": "tcp",
                            "ingress.2617001939.security_groups.#": "0",
                            "ingress.2617001939.self": "false",
                            "ingress.2617001939.to_port": "443",
                            "name": "web-project-example",
                            "owner_id": "294074132694",
                            "revoke_rules_on_delete": "false",
                            "tags.%": "1",
                            "tags.Name": "web-project-example",
                            "vpc_id": "vpc-74ff450f"
                        },
                        "meta": {
                            "e2bfb730-ecaa-11e6-8f88-34363bc7c4c0": {
                                "create": 600000000000,
                                "delete": 600000000000
                            },
                            "schema_version": "1"
                        },
                        "tainted": false
                    },
                    "deposed": [],
                    "provider": "provider.aws"
                },
                "data.terraform_remote_state.vpc": {
                    "type": "terraform_remote_state",
                    "depends_on": [],
                    "primary": {
                        "id": "2018-03-20 00:40:27.291735283 +0000 UTC",
                        "attributes": {
                            "availability_zone-1b": "us-east-1b",
                            "availability_zone-1d": "us-east-1d",
                            "backend": "local",
                            "cidr": "10.0.0.0/16",
                            "config.%": "1",
                            "config.path": "../vpc/terraform.tfstate",
                            "environment": "default",
                            "id": "2018-03-20 00:40:27.291735283 +0000 UTC",
                            "public_subnet_id_1b": "subnet-4436036b",
                            "public_subnet_id_1d": "subnet-cc062d91",
                            "vpc_id": "vpc-74ff450f",
                            "workspace": "default"
                        },
                        "meta": {},
                        "tainted": false
                    },
                    "deposed": [],
                    "provider": "provider.terraform"
                }
            },
            "depends_on": []
        }
    ]
}
